{
  "version": 4,
  "terraform_version": "1.12.1",
  "serial": 55,
  "lineage": "4f8b5861-2966-b021-f3a4-8b1dd89c4e1e",
  "outputs": {
    "webhook_url": {
      "value": "https://pczhmioy74.execute-api.us-east-2.amazonaws.com/gmail/webhook",
      "type": "string"
    }
  },
  "resources": [
    {
      "mode": "data",
      "type": "archive_file",
      "name": "lambda_auth_callback_zip",
      "provider": "provider[\"registry.terraform.io/hashicorp/archive\"]",
      "instances": [
        {
          "schema_version": 0,
          "attributes": {
            "exclude_symlink_directories": null,
            "excludes": null,
            "id": "05f21775d61fd172993808253a08dcb72cfd72ff",
            "output_base64sha256": "EVAtPl4SdYy7TZnwHpzNhR2O5LTLLcTmBdKFbhrCkLs=",
            "output_base64sha512": "O3xFZXihAqaeLOvN7veszQNgfbqaMyUT2gDtsO1PkC2blyX7rxUV9JX3FKhtJbK87HIMtKHJri19hX4NustvuQ==",
            "output_file_mode": null,
            "output_md5": "2fc8413d3d0ad24c6f30b987e2f74800",
            "output_path": "./lambda_auth_callback.zip",
            "output_sha": "05f21775d61fd172993808253a08dcb72cfd72ff",
            "output_sha256": "11502d3e5e12758cbb4d99f01e9ccd851d8ee4b4cb2dc4e605d2856e1ac290bb",
            "output_sha512": "3b7c456578a102a69e2cebcdeef7accd03607dba9a332513da00edb0ed4f902d9b9725fbaf1515f495f714a86d25b2bcec720cb4a1c9ae2d7d857e0dbacb6fb9",
            "output_size": 18801170,
            "source": [],
            "source_content": null,
            "source_content_filename": null,
            "source_dir": "./lambda/auth_callback",
            "source_file": null,
            "type": "zip"
          },
          "sensitive_attributes": [],
          "identity_schema_version": 0
        }
      ]
    },
    {
      "mode": "data",
      "type": "archive_file",
      "name": "lambda_auth_start_zip",
      "provider": "provider[\"registry.terraform.io/hashicorp/archive\"]",
      "instances": [
        {
          "schema_version": 0,
          "attributes": {
            "exclude_symlink_directories": null,
            "excludes": null,
            "id": "85cdfce54aed5a883edca9bb4e0860b0978a76f1",
            "output_base64sha256": "v24SZPKjk+fR0/ULR1UDMus6POdR1d57EfPvu6oFFUo=",
            "output_base64sha512": "6anlrLkLDXKIjbEaTW3aPw3dwnfMcmgnSr0/vvhulaLg/U9ZtdSlFdU0Md1um2N7aszmwutTp58t0HgjralyHw==",
            "output_file_mode": null,
            "output_md5": "c1cb440bb154b7d1ebb2221520b30d07",
            "output_path": "./lambda_auth_start.zip",
            "output_sha": "85cdfce54aed5a883edca9bb4e0860b0978a76f1",
            "output_sha256": "bf6e1264f2a393e7d1d3f50b47550332eb3a3ce751d5de7b11f3efbbaa05154a",
            "output_sha512": "e9a9e5acb90b0d72888db11a4d6dda3f0dddc277cc7268274abd3fbef86e95a2e0fd4f59b5d4a515d53431dd6e9b637b6acce6c2eb53a79f2dd07823ada9721f",
            "output_size": 957,
            "source": [],
            "source_content": null,
            "source_content_filename": null,
            "source_dir": "./lambda/auth_start",
            "source_file": null,
            "type": "zip"
          },
          "sensitive_attributes": [],
          "identity_schema_version": 0
        }
      ]
    },
    {
      "mode": "data",
      "type": "archive_file",
      "name": "lambda_gmail_watcher_zip",
      "provider": "provider[\"registry.terraform.io/hashicorp/archive\"]",
      "instances": [
        {
          "schema_version": 0,
          "attributes": {
            "exclude_symlink_directories": null,
            "excludes": null,
            "id": "86746a54bc12f2c680e54f27b6b5c6a8b41837dd",
            "output_base64sha256": "xwmXiozYs5vd3v4HE4f9qzAxd6xGl1O/t8MbN6gfAlQ=",
            "output_base64sha512": "C1xKF4mvTZBblisnJcIbNwCGMZWq8Cp/w9lr/OYvRS562f3PfJAYBQgl+1Upo9K9rb9taGLqWD2yQgmy8QllCg==",
            "output_file_mode": null,
            "output_md5": "6be89fdd466970fcb64c911273bd7b1b",
            "output_path": "./lambda_gmail_watcher.zip",
            "output_sha": "86746a54bc12f2c680e54f27b6b5c6a8b41837dd",
            "output_sha256": "c709978a8cd8b39bdddefe071387fdab303177ac469753bfb7c31b37a81f0254",
            "output_sha512": "0b5c4a1789af4d905b962b2725c21b3700863195aaf02a7fc3d96bfce62f452e7ad9fdcf7c9018050825fb5529a3d2bdadbf6d6862ea583db24209b2f109650a",
            "output_size": 2316,
            "source": [],
            "source_content": null,
            "source_content_filename": null,
            "source_dir": "./lambda/gmail_watcher",
            "source_file": null,
            "type": "zip"
          },
          "sensitive_attributes": [],
          "identity_schema_version": 0
        }
      ]
    },
    {
      "mode": "managed",
      "type": "aws_apigatewayv2_api",
      "name": "gmail_api",
      "provider": "provider[\"registry.terraform.io/hashicorp/aws\"]",
      "instances": [
        {
          "schema_version": 0,
          "attributes": {
            "api_endpoint": "https://pczhmioy74.execute-api.us-east-2.amazonaws.com",
            "api_key_selection_expression": "$request.header.x-api-key",
            "arn": "arn:aws:apigateway:us-east-2::/apis/pczhmioy74",
            "body": null,
            "cors_configuration": [],
            "credentials_arn": null,
            "description": "",
            "disable_execute_api_endpoint": false,
            "execution_arn": "arn:aws:execute-api:us-east-2:491085384897:pczhmioy74",
            "fail_on_warnings": null,
            "id": "pczhmioy74",
            "ip_address_type": "ipv4",
            "name": "gmail-watcher-api",
            "protocol_type": "HTTP",
            "route_key": null,
            "route_selection_expression": "$request.method $request.path",
            "tags": {},
            "tags_all": {},
            "target": null,
            "version": ""
          },
          "sensitive_attributes": [],
          "identity_schema_version": 0,
          "private": "bnVsbA=="
        }
      ]
    },
    {
      "mode": "managed",
      "type": "aws_apigatewayv2_integration",
      "name": "auth_callback_integration",
      "provider": "provider[\"registry.terraform.io/hashicorp/aws\"]",
      "instances": [
        {
          "schema_version": 0,
          "attributes": {
            "api_id": "pczhmioy74",
            "connection_id": "",
            "connection_type": "INTERNET",
            "content_handling_strategy": "",
            "credentials_arn": "",
            "description": "",
            "id": "t5qkyjh",
            "integration_method": "POST",
            "integration_response_selection_expression": "",
            "integration_subtype": "",
            "integration_type": "AWS_PROXY",
            "integration_uri": "arn:aws:apigateway:us-east-2:lambda:path/2015-03-31/functions/arn:aws:lambda:us-east-2:491085384897:function:gmail-auth-callback/invocations",
            "passthrough_behavior": "",
            "payload_format_version": "2.0",
            "request_parameters": {},
            "request_templates": {},
            "response_parameters": [],
            "template_selection_expression": "",
            "timeout_milliseconds": 30000,
            "tls_config": []
          },
          "sensitive_attributes": [],
          "identity_schema_version": 0,
          "private": "bnVsbA==",
          "dependencies": [
            "aws_apigatewayv2_api.gmail_api",
            "aws_iam_role.lambda_exec_role",
            "aws_lambda_function.auth_callback",
            "data.archive_file.lambda_auth_callback_zip"
          ]
        }
      ]
    },
    {
      "mode": "managed",
      "type": "aws_apigatewayv2_integration",
      "name": "auth_start_integration",
      "provider": "provider[\"registry.terraform.io/hashicorp/aws\"]",
      "instances": [
        {
          "schema_version": 0,
          "attributes": {
            "api_id": "pczhmioy74",
            "connection_id": "",
            "connection_type": "INTERNET",
            "content_handling_strategy": "",
            "credentials_arn": "",
            "description": "",
            "id": "b36my6e",
            "integration_method": "POST",
            "integration_response_selection_expression": "",
            "integration_subtype": "",
            "integration_type": "AWS_PROXY",
            "integration_uri": "arn:aws:apigateway:us-east-2:lambda:path/2015-03-31/functions/arn:aws:lambda:us-east-2:491085384897:function:gmail-auth-start/invocations",
            "passthrough_behavior": "",
            "payload_format_version": "2.0",
            "request_parameters": {},
            "request_templates": {},
            "response_parameters": [],
            "template_selection_expression": "",
            "timeout_milliseconds": 30000,
            "tls_config": []
          },
          "sensitive_attributes": [],
          "identity_schema_version": 0,
          "private": "bnVsbA==",
          "dependencies": [
            "aws_apigatewayv2_api.gmail_api",
            "aws_iam_role.lambda_exec_role",
            "aws_lambda_function.auth_start",
            "data.archive_file.lambda_auth_start_zip"
          ]
        }
      ]
    },
    {
      "mode": "managed",
      "type": "aws_apigatewayv2_integration",
      "name": "lambda_integration",
      "provider": "provider[\"registry.terraform.io/hashicorp/aws\"]",
      "instances": [
        {
          "schema_version": 0,
          "attributes": {
            "api_id": "pczhmioy74",
            "connection_id": "",
            "connection_type": "INTERNET",
            "content_handling_strategy": "",
            "credentials_arn": "",
            "description": "",
            "id": "0c6z1pp",
            "integration_method": "POST",
            "integration_response_selection_expression": "",
            "integration_subtype": "",
            "integration_type": "AWS_PROXY",
            "integration_uri": "arn:aws:apigateway:us-east-2:lambda:path/2015-03-31/functions/arn:aws:lambda:us-east-2:491085384897:function:gmail-watcher/invocations",
            "passthrough_behavior": "",
            "payload_format_version": "2.0",
            "request_parameters": {},
            "request_templates": {},
            "response_parameters": [],
            "template_selection_expression": "",
            "timeout_milliseconds": 30000,
            "tls_config": []
          },
          "sensitive_attributes": [],
          "identity_schema_version": 0,
          "private": "bnVsbA==",
          "dependencies": [
            "aws_apigatewayv2_api.gmail_api",
            "aws_iam_role.lambda_exec_role",
            "aws_lambda_function.gmail_watcher",
            "data.archive_file.lambda_gmail_watcher_zip"
          ]
        }
      ]
    },
    {
      "mode": "managed",
      "type": "aws_apigatewayv2_route",
      "name": "auth_callback_route",
      "provider": "provider[\"registry.terraform.io/hashicorp/aws\"]",
      "instances": [
        {
          "schema_version": 0,
          "attributes": {
            "api_id": "pczhmioy74",
            "api_key_required": false,
            "authorization_scopes": [],
            "authorization_type": "NONE",
            "authorizer_id": "",
            "id": "fnu6n2f",
            "model_selection_expression": "",
            "operation_name": "",
            "request_models": {},
            "request_parameter": [],
            "route_key": "GET /auth/callback",
            "route_response_selection_expression": "",
            "target": "integrations/t5qkyjh"
          },
          "sensitive_attributes": [],
          "identity_schema_version": 0,
          "private": "bnVsbA==",
          "dependencies": [
            "aws_apigatewayv2_api.gmail_api",
            "aws_apigatewayv2_integration.auth_callback_integration",
            "aws_iam_role.lambda_exec_role",
            "aws_lambda_function.auth_callback",
            "data.archive_file.lambda_auth_callback_zip"
          ]
        }
      ]
    },
    {
      "mode": "managed",
      "type": "aws_apigatewayv2_route",
      "name": "auth_start_route",
      "provider": "provider[\"registry.terraform.io/hashicorp/aws\"]",
      "instances": [
        {
          "schema_version": 0,
          "attributes": {
            "api_id": "pczhmioy74",
            "api_key_required": false,
            "authorization_scopes": [],
            "authorization_type": "NONE",
            "authorizer_id": "",
            "id": "o5hsumm",
            "model_selection_expression": "",
            "operation_name": "",
            "request_models": {},
            "request_parameter": [],
            "route_key": "GET /auth/start",
            "route_response_selection_expression": "",
            "target": "integrations/b36my6e"
          },
          "sensitive_attributes": [],
          "identity_schema_version": 0,
          "private": "bnVsbA==",
          "dependencies": [
            "aws_apigatewayv2_api.gmail_api",
            "aws_apigatewayv2_integration.auth_start_integration",
            "aws_iam_role.lambda_exec_role",
            "aws_lambda_function.auth_start",
            "data.archive_file.lambda_auth_start_zip"
          ]
        }
      ]
    },
    {
      "mode": "managed",
      "type": "aws_apigatewayv2_route",
      "name": "lambda_route",
      "provider": "provider[\"registry.terraform.io/hashicorp/aws\"]",
      "instances": [
        {
          "schema_version": 0,
          "attributes": {
            "api_id": "pczhmioy74",
            "api_key_required": false,
            "authorization_scopes": [],
            "authorization_type": "NONE",
            "authorizer_id": "",
            "id": "x3uu1v7",
            "model_selection_expression": "",
            "operation_name": "",
            "request_models": {},
            "request_parameter": [],
            "route_key": "POST /gmail/webhook",
            "route_response_selection_expression": "",
            "target": "integrations/0c6z1pp"
          },
          "sensitive_attributes": [],
          "identity_schema_version": 0,
          "private": "bnVsbA==",
          "dependencies": [
            "aws_apigatewayv2_api.gmail_api",
            "aws_apigatewayv2_integration.lambda_integration",
            "aws_iam_role.lambda_exec_role",
            "aws_lambda_function.gmail_watcher",
            "data.archive_file.lambda_gmail_watcher_zip"
          ]
        }
      ]
    },
    {
      "mode": "managed",
      "type": "aws_apigatewayv2_stage",
      "name": "default",
      "provider": "provider[\"registry.terraform.io/hashicorp/aws\"]",
      "instances": [
        {
          "schema_version": 0,
          "attributes": {
            "access_log_settings": [],
            "api_id": "pczhmioy74",
            "arn": "arn:aws:apigateway:us-east-2::/apis/pczhmioy74/stages/$default",
            "auto_deploy": true,
            "client_certificate_id": "",
            "default_route_settings": [
              {
                "data_trace_enabled": false,
                "detailed_metrics_enabled": false,
                "logging_level": "",
                "throttling_burst_limit": 0,
                "throttling_rate_limit": 0
              }
            ],
            "deployment_id": "rzhgqe",
            "description": "",
            "execution_arn": "arn:aws:execute-api:us-east-2:491085384897:pczhmioy74/$default",
            "id": "$default",
            "invoke_url": "https://pczhmioy74.execute-api.us-east-2.amazonaws.com/",
            "name": "$default",
            "route_settings": [],
            "stage_variables": {},
            "tags": {},
            "tags_all": {}
          },
          "sensitive_attributes": [],
          "identity_schema_version": 0,
          "private": "bnVsbA==",
          "dependencies": [
            "aws_apigatewayv2_api.gmail_api"
          ]
        }
      ]
    },
    {
      "mode": "managed",
      "type": "aws_iam_role",
      "name": "lambda_exec_role",
      "provider": "provider[\"registry.terraform.io/hashicorp/aws\"]",
      "instances": [
        {
          "schema_version": 0,
          "attributes": {
            "arn": "arn:aws:iam::491085384897:role/gmail-watcher-lambda-role",
            "assume_role_policy": "{\"Statement\":[{\"Action\":\"sts:AssumeRole\",\"Effect\":\"Allow\",\"Principal\":{\"Service\":\"lambda.amazonaws.com\"}}],\"Version\":\"2012-10-17\"}",
            "create_date": "2025-06-15T02:02:36Z",
            "description": "",
            "force_detach_policies": false,
            "id": "gmail-watcher-lambda-role",
            "inline_policy": [],
            "managed_policy_arns": [
              "arn:aws:iam::aws:policy/service-role/AWSLambdaBasicExecutionRole"
            ],
            "max_session_duration": 3600,
            "name": "gmail-watcher-lambda-role",
            "name_prefix": "",
            "path": "/",
            "permissions_boundary": "",
            "tags": {},
            "tags_all": {},
            "unique_id": "AROAXEVXYJTA7FCNUHHPP"
          },
          "sensitive_attributes": [],
          "identity_schema_version": 0,
          "private": "bnVsbA=="
        }
      ]
    },
    {
      "mode": "managed",
      "type": "aws_iam_role_policy_attachment",
      "name": "lambda_basic_execution",
      "provider": "provider[\"registry.terraform.io/hashicorp/aws\"]",
      "instances": [
        {
          "schema_version": 0,
          "attributes": {
            "id": "gmail-watcher-lambda-role-20250615020236886000000001",
            "policy_arn": "arn:aws:iam::aws:policy/service-role/AWSLambdaBasicExecutionRole",
            "role": "gmail-watcher-lambda-role"
          },
          "sensitive_attributes": [],
          "identity_schema_version": 0,
          "private": "bnVsbA==",
          "dependencies": [
            "aws_iam_role.lambda_exec_role"
          ]
        }
      ]
    },
    {
      "mode": "managed",
      "type": "aws_lambda_function",
      "name": "auth_callback",
      "provider": "provider[\"registry.terraform.io/hashicorp/aws\"]",
      "instances": [
        {
          "schema_version": 0,
          "attributes": {
            "architectures": [
              "x86_64"
            ],
            "arn": "arn:aws:lambda:us-east-2:491085384897:function:gmail-auth-callback",
            "code_sha256": "EVAtPl4SdYy7TZnwHpzNhR2O5LTLLcTmBdKFbhrCkLs=",
            "code_signing_config_arn": "",
            "dead_letter_config": [],
            "description": "",
            "environment": [
              {
                "variables": {
                  "GOOGLE_CLIENT_ID": "495071281865-etg2ae882bdvm02pji30j5c9hs1uj85e.apps.googleusercontent.com",
                  "GOOGLE_CLIENT_SECRET": "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",
                  "GOOGLE_REDIRECT_URI": "https://pczhmioy74.execute-api.us-east-2.amazonaws.com/auth/callback"
                }
              }
            ],
            "ephemeral_storage": [
              {
                "size": 512
              }
            ],
            "file_system_config": [],
            "filename": "./lambda_auth_callback.zip",
            "function_name": "gmail-auth-callback",
            "handler": "index.handler",
            "id": "gmail-auth-callback",
            "image_config": [],
            "image_uri": "",
            "invoke_arn": "arn:aws:apigateway:us-east-2:lambda:path/2015-03-31/functions/arn:aws:lambda:us-east-2:491085384897:function:gmail-auth-callback/invocations",
            "kms_key_arn": "",
            "last_modified": "2025-06-15T16:46:36.000+0000",
            "layers": [],
            "logging_config": [
              {
                "application_log_level": "",
                "log_format": "Text",
                "log_group": "/aws/lambda/gmail-auth-callback",
                "system_log_level": ""
              }
            ],
            "memory_size": 128,
            "package_type": "Zip",
            "publish": false,
            "qualified_arn": "arn:aws:lambda:us-east-2:491085384897:function:gmail-auth-callback:$LATEST",
            "qualified_invoke_arn": "arn:aws:apigateway:us-east-2:lambda:path/2015-03-31/functions/arn:aws:lambda:us-east-2:491085384897:function:gmail-auth-callback:$LATEST/invocations",
            "replace_security_groups_on_destroy": null,
            "replacement_security_group_ids": null,
            "reserved_concurrent_executions": -1,
            "role": "arn:aws:iam::491085384897:role/gmail-watcher-lambda-role",
            "runtime": "nodejs20.x",
            "s3_bucket": null,
            "s3_key": null,
            "s3_object_version": null,
            "signing_job_arn": "",
            "signing_profile_version_arn": "",
            "skip_destroy": false,
            "snap_start": [],
            "source_code_hash": "EVAtPl4SdYy7TZnwHpzNhR2O5LTLLcTmBdKFbhrCkLs=",
            "source_code_size": 18801170,
            "tags": {},
            "tags_all": {},
            "timeout": 3,
            "timeouts": null,
            "tracing_config": [
              {
                "mode": "PassThrough"
              }
            ],
            "version": "$LATEST",
            "vpc_config": []
          },
          "sensitive_attributes": [
            [
              {
                "type": "get_attr",
                "value": "environment"
              },
              {
                "type": "index",
                "value": {
                  "value": 0,
                  "type": "number"
                }
              },
              {
                "type": "get_attr",
                "value": "variables"
              },
              {
                "type": "index",
                "value": {
                  "value": "GOOGLE_CLIENT_ID",
                  "type": "string"
                }
              }
            ],
            [
              {
                "type": "get_attr",
                "value": "environment"
              },
              {
                "type": "index",
                "value": {
                  "value": 0,
                  "type": "number"
                }
              },
              {
                "type": "get_attr",
                "value": "variables"
              },
              {
                "type": "index",
                "value": {
                  "value": "GOOGLE_CLIENT_SECRET",
                  "type": "string"
                }
              }
            ]
          ],
          "identity_schema_version": 0,
          "private": "eyJlMmJmYjczMC1lY2FhLTExZTYtOGY4OC0zNDM2M2JjN2M0YzAiOnsiY3JlYXRlIjo2MDAwMDAwMDAwMDAsImRlbGV0ZSI6NjAwMDAwMDAwMDAwLCJ1cGRhdGUiOjYwMDAwMDAwMDAwMH19",
          "dependencies": [
            "aws_iam_role.lambda_exec_role",
            "data.archive_file.lambda_auth_callback_zip"
          ]
        }
      ]
    },
    {
      "mode": "managed",
      "type": "aws_lambda_function",
      "name": "auth_start",
      "provider": "provider[\"registry.terraform.io/hashicorp/aws\"]",
      "instances": [
        {
          "schema_version": 0,
          "attributes": {
            "architectures": [
              "x86_64"
            ],
            "arn": "arn:aws:lambda:us-east-2:491085384897:function:gmail-auth-start",
            "code_sha256": "v24SZPKjk+fR0/ULR1UDMus6POdR1d57EfPvu6oFFUo=",
            "code_signing_config_arn": "",
            "dead_letter_config": [],
            "description": "",
            "environment": [
              {
                "variables": {
                  "GOOGLE_CLIENT_ID": "495071281865-etg2ae882bdvm02pji30j5c9hs1uj85e.apps.googleusercontent.com",
                  "GOOGLE_REDIRECT_URI": "https://pczhmioy74.execute-api.us-east-2.amazonaws.com/auth/callback"
                }
              }
            ],
            "ephemeral_storage": [
              {
                "size": 512
              }
            ],
            "file_system_config": [],
            "filename": "./lambda_auth_start.zip",
            "function_name": "gmail-auth-start",
            "handler": "index.handler",
            "id": "gmail-auth-start",
            "image_config": [],
            "image_uri": "",
            "invoke_arn": "arn:aws:apigateway:us-east-2:lambda:path/2015-03-31/functions/arn:aws:lambda:us-east-2:491085384897:function:gmail-auth-start/invocations",
            "kms_key_arn": "",
            "last_modified": "2025-06-15T15:42:09.000+0000",
            "layers": [],
            "logging_config": [
              {
                "application_log_level": "",
                "log_format": "Text",
                "log_group": "/aws/lambda/gmail-auth-start",
                "system_log_level": ""
              }
            ],
            "memory_size": 128,
            "package_type": "Zip",
            "publish": false,
            "qualified_arn": "arn:aws:lambda:us-east-2:491085384897:function:gmail-auth-start:$LATEST",
            "qualified_invoke_arn": "arn:aws:apigateway:us-east-2:lambda:path/2015-03-31/functions/arn:aws:lambda:us-east-2:491085384897:function:gmail-auth-start:$LATEST/invocations",
            "replace_security_groups_on_destroy": null,
            "replacement_security_group_ids": null,
            "reserved_concurrent_executions": -1,
            "role": "arn:aws:iam::491085384897:role/gmail-watcher-lambda-role",
            "runtime": "nodejs20.x",
            "s3_bucket": null,
            "s3_key": null,
            "s3_object_version": null,
            "signing_job_arn": "",
            "signing_profile_version_arn": "",
            "skip_destroy": false,
            "snap_start": [],
            "source_code_hash": "v24SZPKjk+fR0/ULR1UDMus6POdR1d57EfPvu6oFFUo=",
            "source_code_size": 957,
            "tags": {},
            "tags_all": {},
            "timeout": 3,
            "timeouts": null,
            "tracing_config": [
              {
                "mode": "PassThrough"
              }
            ],
            "version": "$LATEST",
            "vpc_config": []
          },
          "sensitive_attributes": [
            [
              {
                "type": "get_attr",
                "value": "environment"
              },
              {
                "type": "index",
                "value": {
                  "value": 0,
                  "type": "number"
                }
              },
              {
                "type": "get_attr",
                "value": "variables"
              },
              {
                "type": "index",
                "value": {
                  "value": "GOOGLE_CLIENT_ID",
                  "type": "string"
                }
              }
            ]
          ],
          "identity_schema_version": 0,
          "private": "eyJlMmJmYjczMC1lY2FhLTExZTYtOGY4OC0zNDM2M2JjN2M0YzAiOnsiY3JlYXRlIjo2MDAwMDAwMDAwMDAsImRlbGV0ZSI6NjAwMDAwMDAwMDAwLCJ1cGRhdGUiOjYwMDAwMDAwMDAwMH19",
          "dependencies": [
            "aws_iam_role.lambda_exec_role",
            "data.archive_file.lambda_auth_start_zip"
          ]
        }
      ]
    },
    {
      "mode": "managed",
      "type": "aws_lambda_function",
      "name": "gmail_watcher",
      "provider": "provider[\"registry.terraform.io/hashicorp/aws\"]",
      "instances": [
        {
          "schema_version": 0,
          "attributes": {
            "architectures": [
              "x86_64"
            ],
            "arn": "arn:aws:lambda:us-east-2:491085384897:function:gmail-watcher",
            "code_sha256": "xwmXiozYs5vd3v4HE4f9qzAxd6xGl1O/t8MbN6gfAlQ=",
            "code_signing_config_arn": "",
            "dead_letter_config": [],
            "description": "",
            "environment": [
              {
                "variables": {
                  "OPENAI_KEY": "AkTWNzG0sjEtA0u2iBAKyqqWi2ow0s31jvBK8NvVJmaE7kuDyx70JQQJ99BFACHYHv6XJ3w3AAABACOGB8KU"
                }
              }
            ],
            "ephemeral_storage": [
              {
                "size": 512
              }
            ],
            "file_system_config": [],
            "filename": "./lambda_gmail_watcher.zip",
            "function_name": "gmail-watcher",
            "handler": "index.handler",
            "id": "gmail-watcher",
            "image_config": [],
            "image_uri": "",
            "invoke_arn": "arn:aws:apigateway:us-east-2:lambda:path/2015-03-31/functions/arn:aws:lambda:us-east-2:491085384897:function:gmail-watcher/invocations",
            "kms_key_arn": "",
            "last_modified": "2025-06-15T15:07:10.000+0000",
            "layers": [],
            "logging_config": [
              {
                "application_log_level": "",
                "log_format": "Text",
                "log_group": "/aws/lambda/gmail-watcher",
                "system_log_level": ""
              }
            ],
            "memory_size": 128,
            "package_type": "Zip",
            "publish": false,
            "qualified_arn": "arn:aws:lambda:us-east-2:491085384897:function:gmail-watcher:$LATEST",
            "qualified_invoke_arn": "arn:aws:apigateway:us-east-2:lambda:path/2015-03-31/functions/arn:aws:lambda:us-east-2:491085384897:function:gmail-watcher:$LATEST/invocations",
            "replace_security_groups_on_destroy": null,
            "replacement_security_group_ids": null,
            "reserved_concurrent_executions": -1,
            "role": "arn:aws:iam::491085384897:role/gmail-watcher-lambda-role",
            "runtime": "nodejs20.x",
            "s3_bucket": null,
            "s3_key": null,
            "s3_object_version": null,
            "signing_job_arn": "",
            "signing_profile_version_arn": "",
            "skip_destroy": false,
            "snap_start": [],
            "source_code_hash": "xwmXiozYs5vd3v4HE4f9qzAxd6xGl1O/t8MbN6gfAlQ=",
            "source_code_size": 2316,
            "tags": {},
            "tags_all": {},
            "timeout": 3,
            "timeouts": null,
            "tracing_config": [
              {
                "mode": "PassThrough"
              }
            ],
            "version": "$LATEST",
            "vpc_config": []
          },
          "sensitive_attributes": [
            [
              {
                "type": "get_attr",
                "value": "environment"
              },
              {
                "type": "index",
                "value": {
                  "value": 0,
                  "type": "number"
                }
              },
              {
                "type": "get_attr",
                "value": "variables"
              },
              {
                "type": "index",
                "value": {
                  "value": "OPENAI_KEY",
                  "type": "string"
                }
              }
            ]
          ],
          "identity_schema_version": 0,
          "private": "eyJlMmJmYjczMC1lY2FhLTExZTYtOGY4OC0zNDM2M2JjN2M0YzAiOnsiY3JlYXRlIjo2MDAwMDAwMDAwMDAsImRlbGV0ZSI6NjAwMDAwMDAwMDAwLCJ1cGRhdGUiOjYwMDAwMDAwMDAwMH19",
          "dependencies": [
            "aws_iam_role.lambda_exec_role",
            "data.archive_file.lambda_gmail_watcher_zip"
          ]
        }
      ]
    },
    {
      "mode": "managed",
      "type": "aws_lambda_permission",
      "name": "allow_apigw",
      "provider": "provider[\"registry.terraform.io/hashicorp/aws\"]",
      "instances": [
        {
          "schema_version": 0,
          "attributes": {
            "action": "lambda:InvokeFunction",
            "event_source_token": null,
            "function_name": "arn:aws:lambda:us-east-2:491085384897:function:gmail-watcher",
            "function_url_auth_type": null,
            "id": "AllowFromApiGateway",
            "principal": "apigateway.amazonaws.com",
            "principal_org_id": null,
            "qualifier": "",
            "source_account": null,
            "source_arn": "arn:aws:execute-api:us-east-2:491085384897:pczhmioy74/*/*",
            "statement_id": "AllowFromApiGateway",
            "statement_id_prefix": ""
          },
          "sensitive_attributes": [],
          "identity_schema_version": 0,
          "private": "bnVsbA==",
          "dependencies": [
            "aws_apigatewayv2_api.gmail_api",
            "aws_iam_role.lambda_exec_role",
            "aws_lambda_function.gmail_watcher",
            "data.archive_file.lambda_gmail_watcher_zip"
          ]
        }
      ]
    },
    {
      "mode": "managed",
      "type": "aws_lambda_permission",
      "name": "allow_apigw_auth_callback",
      "provider": "provider[\"registry.terraform.io/hashicorp/aws\"]",
      "instances": [
        {
          "schema_version": 0,
          "attributes": {
            "action": "lambda:InvokeFunction",
            "event_source_token": null,
            "function_name": "arn:aws:lambda:us-east-2:491085384897:function:gmail-auth-callback",
            "function_url_auth_type": null,
            "id": "AllowFromApiGatewayAuthCallback",
            "principal": "apigateway.amazonaws.com",
            "principal_org_id": null,
            "qualifier": "",
            "source_account": null,
            "source_arn": "arn:aws:execute-api:us-east-2:491085384897:pczhmioy74/*/*",
            "statement_id": "AllowFromApiGatewayAuthCallback",
            "statement_id_prefix": ""
          },
          "sensitive_attributes": [],
          "identity_schema_version": 0,
          "private": "bnVsbA==",
          "dependencies": [
            "aws_apigatewayv2_api.gmail_api",
            "aws_iam_role.lambda_exec_role",
            "aws_lambda_function.auth_callback",
            "data.archive_file.lambda_auth_callback_zip"
          ]
        }
      ]
    },
    {
      "mode": "managed",
      "type": "aws_lambda_permission",
      "name": "allow_apigw_auth_start",
      "provider": "provider[\"registry.terraform.io/hashicorp/aws\"]",
      "instances": [
        {
          "schema_version": 0,
          "attributes": {
            "action": "lambda:InvokeFunction",
            "event_source_token": null,
            "function_name": "arn:aws:lambda:us-east-2:491085384897:function:gmail-auth-start",
            "function_url_auth_type": null,
            "id": "AllowFromApiGatewayAuthStart",
            "principal": "apigateway.amazonaws.com",
            "principal_org_id": null,
            "qualifier": "",
            "source_account": null,
            "source_arn": "arn:aws:execute-api:us-east-2:491085384897:pczhmioy74/*/*",
            "statement_id": "AllowFromApiGatewayAuthStart",
            "statement_id_prefix": ""
          },
          "sensitive_attributes": [],
          "identity_schema_version": 0,
          "private": "bnVsbA==",
          "dependencies": [
            "aws_apigatewayv2_api.gmail_api",
            "aws_iam_role.lambda_exec_role",
            "aws_lambda_function.auth_start",
            "data.archive_file.lambda_auth_start_zip"
          ]
        }
      ]
    }
  ],
  "check_results": null
}
